
Microsoft Visual Studio Solution File, Format Version 12.00
# Visual Studio Version 17
VisualStudioVersion = 17.7.34003.232
MinimumVisualStudioVersion = 10.0.40219.1
Project("{FAE04EC0-301F-11D3-BF4B-00C04F79EFBC}") = "NameSorter", "NameSorter.csproj", "{746F1328-DB1B-4F42-BEC7-AC555DA7819C}"
EndProject
Global
	GlobalSection(SolutionConfigurationPlatforms) = preSolution
		Debug|Any CPU = Debug|Any CPU
		Release|Any CPU = Release|Any CPU
	EndGlobalSection
	GlobalSection(ProjectConfigurationPlatforms) = postSolution
		{746F1328-DB1B-4F42-BEC7-AC555DA7819C}.Debug|Any CPU.ActiveCfg = Debug|Any CPU
		{746F1328-DB1B-4F42-BEC7-AC555DA7819C}.Debug|Any CPU.Build.0 = Debug|Any CPU
		{746F1328-DB1B-4F42-BEC7-AC555DA7819C}.Release|Any CPU.ActiveCfg = Release|Any CPU
		{746F1328-DB1B-4F42-BEC7-AC555DA7819C}.Release|Any CPU.Build.0 = Release|Any CPU
	EndGlobalSection
	GlobalSection(SolutionProperties) = preSolution
		HideSolutionNode = FALSE
	EndGlobalSection
	GlobalSection(ExtensibilityGlobals) = postSolution
		SolutionGuid = {D1ED7A17-059C-4541-BC79-B8E4189ECAE1}
	EndGlobalSection
EndGlobal
